
Microsoft Visual Studio Solution File, Format Version 12.00
# Visual Studio Version 16
VisualStudioVersion = 16.0.31410.357
MinimumVisualStudioVersion = 10.0.40219.1
Project("{FAE04EC0-301F-11D3-BF4B-00C04F79EFBC}") = "Net5.Fundamentals.Data.Client.Console", "Net5.Fundamentals.Data.Client.Console\Net5.Fundamentals.Data.Client.Console.csproj", "{01FA4035-A1E4-482A-B91A-D0771195CA27}"
EndProject
Project("{FAE04EC0-301F-11D3-BF4B-00C04F79EFBC}") = "Net5.Fundamentals.Data.Client.MVC", "Net5.Fundamentals.Data.Client.MVC\Net5.Fundamentals.Data.Client.MVC.csproj", "{C5914FCC-D030-40DF-8BD9-8DB20BE2412B}"
EndProject
Global
	GlobalSection(SolutionConfigurationPlatforms) = preSolution
		Debug|Any CPU = Debug|Any CPU
		Release|Any CPU = Release|Any CPU
	EndGlobalSection
	GlobalSection(ProjectConfigurationPlatforms) = postSolution
		{01FA4035-A1E4-482A-B91A-D0771195CA27}.Debug|Any CPU.ActiveCfg = Debug|Any CPU
		{01FA4035-A1E4-482A-B91A-D0771195CA27}.Debug|Any CPU.Build.0 = Debug|Any CPU
		{01FA4035-A1E4-482A-B91A-D0771195CA27}.Release|Any CPU.ActiveCfg = Release|Any CPU
		{01FA4035-A1E4-482A-B91A-D0771195CA27}.Release|Any CPU.Build.0 = Release|Any CPU
		{C5914FCC-D030-40DF-8BD9-8DB20BE2412B}.Debug|Any CPU.ActiveCfg = Debug|Any CPU
		{C5914FCC-D030-40DF-8BD9-8DB20BE2412B}.Debug|Any CPU.Build.0 = Debug|Any CPU
		{C5914FCC-D030-40DF-8BD9-8DB20BE2412B}.Release|Any CPU.ActiveCfg = Release|Any CPU
		{C5914FCC-D030-40DF-8BD9-8DB20BE2412B}.Release|Any CPU.Build.0 = Release|Any CPU
	EndGlobalSection
	GlobalSection(SolutionProperties) = preSolution
		HideSolutionNode = FALSE
	EndGlobalSection
	GlobalSection(ExtensibilityGlobals) = postSolution
		SolutionGuid = {95F6271E-945F-4BED-A1AA-284991C2DAFE}
	EndGlobalSection
EndGlobal
