
Microsoft Visual Studio Solution File, Format Version 12.00
# Visual Studio Version 16
VisualStudioVersion = 16.0.31410.357
MinimumVisualStudioVersion = 10.0.40219.1
Project("{FAE04EC0-301F-11D3-BF4B-00C04F79EFBC}") = "Net5.FunctionalProgramming.Samples", "Net5.FunctionalProgramming.Samples\Net5.FunctionalProgramming.Samples.csproj", "{ECC8B191-A40F-40BD-8912-62C631CC2EEB}"
EndProject
Global
	GlobalSection(SolutionConfigurationPlatforms) = preSolution
		Debug|Any CPU = Debug|Any CPU
		Release|Any CPU = Release|Any CPU
	EndGlobalSection
	GlobalSection(ProjectConfigurationPlatforms) = postSolution
		{ECC8B191-A40F-40BD-8912-62C631CC2EEB}.Debug|Any CPU.ActiveCfg = Debug|Any CPU
		{ECC8B191-A40F-40BD-8912-62C631CC2EEB}.Debug|Any CPU.Build.0 = Debug|Any CPU
		{ECC8B191-A40F-40BD-8912-62C631CC2EEB}.Release|Any CPU.ActiveCfg = Release|Any CPU
		{ECC8B191-A40F-40BD-8912-62C631CC2EEB}.Release|Any CPU.Build.0 = Release|Any CPU
	EndGlobalSection
	GlobalSection(SolutionProperties) = preSolution
		HideSolutionNode = FALSE
	EndGlobalSection
	GlobalSection(ExtensibilityGlobals) = postSolution
		SolutionGuid = {927683FC-E76B-4D86-9581-246A9F5D4CCF}
	EndGlobalSection
EndGlobal
