
Microsoft Visual Studio Solution File, Format Version 12.00
# Visual Studio Version 16
VisualStudioVersion = 16.0.31410.357
MinimumVisualStudioVersion = 10.0.40219.1
Project("{FAE04EC0-301F-11D3-BF4B-00C04F79EFBC}") = "Net5.Fundamentals.ListAndThread", "Net5.Fundamentals.ListAndThread\Net5.Fundamentals.ListAndThread.csproj", "{9ABAB135-8294-489C-A821-B5E79CCFEE23}"
EndProject
Global
	GlobalSection(SolutionConfigurationPlatforms) = preSolution
		Debug|Any CPU = Debug|Any CPU
		Release|Any CPU = Release|Any CPU
	EndGlobalSection
	GlobalSection(ProjectConfigurationPlatforms) = postSolution
		{9ABAB135-8294-489C-A821-B5E79CCFEE23}.Debug|Any CPU.ActiveCfg = Debug|Any CPU
		{9ABAB135-8294-489C-A821-B5E79CCFEE23}.Debug|Any CPU.Build.0 = Debug|Any CPU
		{9ABAB135-8294-489C-A821-B5E79CCFEE23}.Release|Any CPU.ActiveCfg = Release|Any CPU
		{9ABAB135-8294-489C-A821-B5E79CCFEE23}.Release|Any CPU.Build.0 = Release|Any CPU
	EndGlobalSection
	GlobalSection(SolutionProperties) = preSolution
		HideSolutionNode = FALSE
	EndGlobalSection
	GlobalSection(ExtensibilityGlobals) = postSolution
		SolutionGuid = {0E42B575-92FF-4E3E-8749-8F54BDDC61EA}
	EndGlobalSection
EndGlobal
