
Microsoft Visual Studio Solution File, Format Version 12.00
# Visual Studio Version 16
VisualStudioVersion = 16.0.31105.61
MinimumVisualStudioVersion = 10.0.40219.1
Project("{FAE04EC0-301F-11D3-BF4B-00C04F79EFBC}") = "Net5.AttributesAndClasses.ConsoleClass", "Net5.AttributesAndClasses.ConsoleClass\Net5.AttributesAndClasses.ConsoleClass.csproj", "{8429623D-C645-4330-9320-3A3044017655}"
EndProject
Project("{FAE04EC0-301F-11D3-BF4B-00C04F79EFBC}") = "Net5.AttributesAndClasses.LibraryClasses", "Net5.AttributesAndClasses.LibraryClasses\Net5.AttributesAndClasses.LibraryClasses.csproj", "{C679C4C7-C0C4-4299-A314-FE1EE23276BA}"
EndProject
Global
	GlobalSection(SolutionConfigurationPlatforms) = preSolution
		Debug|Any CPU = Debug|Any CPU
		Release|Any CPU = Release|Any CPU
	EndGlobalSection
	GlobalSection(ProjectConfigurationPlatforms) = postSolution
		{8429623D-C645-4330-9320-3A3044017655}.Debug|Any CPU.ActiveCfg = Debug|Any CPU
		{8429623D-C645-4330-9320-3A3044017655}.Debug|Any CPU.Build.0 = Debug|Any CPU
		{8429623D-C645-4330-9320-3A3044017655}.Release|Any CPU.ActiveCfg = Release|Any CPU
		{8429623D-C645-4330-9320-3A3044017655}.Release|Any CPU.Build.0 = Release|Any CPU
		{C679C4C7-C0C4-4299-A314-FE1EE23276BA}.Debug|Any CPU.ActiveCfg = Debug|Any CPU
		{C679C4C7-C0C4-4299-A314-FE1EE23276BA}.Debug|Any CPU.Build.0 = Debug|Any CPU
		{C679C4C7-C0C4-4299-A314-FE1EE23276BA}.Release|Any CPU.ActiveCfg = Release|Any CPU
		{C679C4C7-C0C4-4299-A314-FE1EE23276BA}.Release|Any CPU.Build.0 = Release|Any CPU
	EndGlobalSection
	GlobalSection(SolutionProperties) = preSolution
		HideSolutionNode = FALSE
	EndGlobalSection
	GlobalSection(ExtensibilityGlobals) = postSolution
		SolutionGuid = {4E9162EE-E72E-45BC-8835-EF1C9B5D16CC}
	EndGlobalSection
EndGlobal
